
Microsoft Visual Studio Solution File, Format Version 12.00
# Visual Studio Version 17
VisualStudioVersion = 17.10.35013.160
MinimumVisualStudioVersion = 10.0.40219.1
Project("{FAE04EC0-301F-11D3-BF4B-00C04F79EFBC}") = "eCommerce", "eCommerce\eCommerce.csproj", "{1F944F15-C1CC-4C0A-BA63-2C2E39047157}"
EndProject
Global
	GlobalSection(SolutionConfigurationPlatforms) = preSolution
		Debug|Any CPU = Debug|Any CPU
		Release|Any CPU = Release|Any CPU
	EndGlobalSection
	GlobalSection(ProjectConfigurationPlatforms) = postSolution
		{1F944F15-C1CC-4C0A-BA63-2C2E39047157}.Debug|Any CPU.ActiveCfg = Debug|Any CPU
		{1F944F15-C1CC-4C0A-BA63-2C2E39047157}.Debug|Any CPU.Build.0 = Debug|Any CPU
		{1F944F15-C1CC-4C0A-BA63-2C2E39047157}.Release|Any CPU.ActiveCfg = Release|Any CPU
		{1F944F15-C1CC-4C0A-BA63-2C2E39047157}.Release|Any CPU.Build.0 = Release|Any CPU
	EndGlobalSection
	GlobalSection(SolutionProperties) = preSolution
		HideSolutionNode = FALSE
	EndGlobalSection
	GlobalSection(ExtensibilityGlobals) = postSolution
		SolutionGuid = {CF0C92C5-C5B3-417D-BEB7-F2655E0F7B5C}
	EndGlobalSection
EndGlobal
